{
  "name": "elm-webaudio",
  "version": "0.0.1",
  "lockfileVersion": 1,
  "requires": true,
  "dependencies": {
    "virtual-audio-graph": {
      "version": "1.1.1",
      "resolved": "https://registry.npmjs.org/virtual-audio-graph/-/virtual-audio-graph-1.1.1.tgz",
      "integrity": "sha512-IczshvxeXD7u11sYup2Qd4ibbzXhSnmBNQPWuLWGGu3V7U9PG4byhINa6paNWsyKsVFru9IUoA9bs8B4EHXqcw=="
    }
  }
}
