{
  "name": "elm-webaudio",
  "version": "0.0.1",
  "lockfileVersion": 1,
  "requires": true,
  "dependencies": {
    "virtual-audio-graph": {
      "version": "1.1.0",
      "resolved": "https://registry.npmjs.org/virtual-audio-graph/-/virtual-audio-graph-1.1.0.tgz",
      "integrity": "sha512-gY+cfd0Xe1CpifmyP0Qw6oUGAUAojzZPk9s3f8izGmbbfuDtbInq3SIOZEgEc6GqO+Nn6XCr5d4XXnTKi3bvYw=="
    }
  }
}
